PODS:
  - AFNetworking (3.2.1):
    - AFNetworking/NSURLSession (= 3.2.1)
    - AFNetworking/Reachability (= 3.2.1)
    - AFNetworking/Security (= 3.2.1)
    - AFNetworking/Serialization (= 3.2.1)
    - AFNetworking/UIKit (= 3.2.1)
  - AFNetworking/NSURLSession (3.2.1):
    - AFNetworking/Reachability
    - AFNetworking/Security
    - AFNetworking/Serialization
  - AFNetworking/Reachability (3.2.1)
  - AFNetworking/Security (3.2.1)
  - AFNetworking/Serialization (3.2.1)
  - AFNetworking/UIKit (3.2.1):
    - AFNetworking/NSURLSession
  - FMDB (2.7.5):
    - FMDB/standard (= 2.7.5)
  - FMDB/standard (2.7.5)
  - LKDBHelper (2.5.1):
    - LKDBHelper/standard (= 2.5.1)
  - LKDBHelper/standard (2.5.1):
    - FMDB
  - MJExtension (3.1.0)
  - MJRefresh (3.2.0)
  - ReactiveCocoa (2.5):
    - ReactiveCocoa/UI (= 2.5)
  - ReactiveCocoa/Core (2.5):
    - ReactiveCocoa/no-arc
  - ReactiveCocoa/no-arc (2.5)
  - ReactiveCocoa/UI (2.5):
    - ReactiveCocoa/Core
  - SDAutoLayout (2.2.1)
  - SDWebImage (5.1.0):
    - SDWebImage/Core (= 5.1.0)
  - SDWebImage/Core (5.1.0)

DEPENDENCIES:
  - AFNetworking
  - LKDBHelper
  - MJExtension
  - MJRefresh
  - ReactiveCocoa (~> 2.5)
  - SDAutoLayout
  - SDWebImage

SPEC REPOS:
  https://github.com/cocoapods/specs.git:
    - AFNetworking
    - FMDB
    - LKDBHelper
    - MJExtension
    - MJRefresh
    - ReactiveCocoa
    - SDAutoLayout
    - SDWebImage

SPEC CHECKSUMS:
  AFNetworking: b6f891fdfaed196b46c7a83cf209e09697b94057
  FMDB: 2ce00b547f966261cd18927a3ddb07cb6f3db82a
  LKDBHelper: 9a276ba51f2e16263d46a9517e16cc9b03472664
  MJExtension: 6b69b3bef2864fd550ce1a184eda219e321209d2
  MJRefresh: ed450d6eb9d3346a2cb033ab7eb6de090aeef437
  ReactiveCocoa: e2db045570aa97c695e7aa97c2bcab222ae51f4a
  SDAutoLayout: 8bf6b3bbc8b01f775d4defbb4fda2ace805461be
  SDWebImage: fb387001955223213dde14bc08c8b73f371f8d8f

PODFILE CHECKSUM: d5c84240564ff8b3ba473e215a77706004e6a439

COCOAPODS: 1.5.3
